// !$*UTF8*$!
{
	archiveVersion = 1;
	classes = {
	};
	objectVersion = 46;
	objects = {

/* Begin PBXBuildFile section */
		86B654041D26C5CE00B66803 /* AppDelegate.swift in Sources */ = {isa = PBXBuildFile; fileRef = 86B654031D26C5CE00B66803 /* AppDelegate.swift */; };
		86B654061D26C5CE00B66803 /* ViewController.swift in Sources */ = {isa = PBXBuildFile; fileRef = 86B654051D26C5CE00B66803 /* ViewController.swift */; };
		86B654081D26C5CE00B66803 /* Assets.xcassets in Resources */ = {isa = PBXBuildFile; fileRef = 86B654071D26C5CE00B66803 /* Assets.xcassets */; };
		86B6540B1D26C5CE00B66803 /* Main.storyboard in Resources */ = {isa = PBXBuildFile; fileRef = 86B654091D26C5CE00B66803 /* Main.storyboard */; };
		86B654161D26C5CE00B66803 /* TyprTests.swift in Sources */ = {isa = PBXBuildFile; fileRef = 86B654151D26C5CE00B66803 /* TyprTests.swift */; };
		86B654211D26C5CE00B66803 /* TyprUITests.swift in Sources */ = {isa = PBXBuildFile; fileRef = 86B654201D26C5CE00B66803 /* TyprUITests.swift */; };
		86B6542F1D28182700B66803 /* KeyMonitor.swift in Sources */ = {isa = PBXBuildFile; fileRef = 86B6542E1D28182700B66803 /* KeyMonitor.swift */; settings = {ASSET_TAGS = (); }; };
		86B654321D28745500B66803 /* Core_Data.xcdatamodeld in Sources */ = {isa = PBXBuildFile; fileRef = 86B654301D28745500B66803 /* Core_Data.xcdatamodeld */; settings = {ASSET_TAGS = (); }; };
		86B654361D29A41A00B66803 /* WordStats.swift in Sources */ = {isa = PBXBuildFile; fileRef = 86B654341D29A41A00B66803 /* WordStats.swift */; settings = {ASSET_TAGS = (); }; };
/* End PBXBuildFile section */

/* Begin PBXContainerItemProxy section */
		86B654121D26C5CE00B66803 /* PBXContainerItemProxy */ = {
			isa = PBXContainerItemProxy;
			containerPortal = 86B653F81D26C5CE00B66803 /* Project object */;
			proxyType = 1;
			remoteGlobalIDString = 86B653FF1D26C5CE00B66803;
			remoteInfo = Typr;
		};
		86B6541D1D26C5CE00B66803 /* PBXContainerItemProxy */ = {
			isa = PBXContainerItemProxy;
			containerPortal = 86B653F81D26C5CE00B66803 /* Project object */;
			proxyType = 1;
			remoteGlobalIDString = 86B653FF1D26C5CE00B66803;
			remoteInfo = Typr;
		};
/* End PBXContainerItemProxy section */

/* Begin PBXFileReference section */
		86B654001D26C5CE00B66803 /* Typr.app */ = {isa = PBXFileReference; explicitFileType = wrapper.application; includeInIndex = 0; path = Typr.app; sourceTree = BUILT_PRODUCTS_DIR; };
		86B654031D26C5CE00B66803 /* AppDelegate.swift */ = {isa = PBXFileReference; lastKnownFileType = sourcecode.swift; path = AppDelegate.swift; sourceTree = "<group>"; };
		86B654051D26C5CE00B66803 /* ViewController.swift */ = {isa = PBXFileReference; lastKnownFileType = sourcecode.swift; path = ViewController.swift; sourceTree = "<group>"; };
		86B654071D26C5CE00B66803 /* Assets.xcassets */ = {isa = PBXFileReference; lastKnownFileType = folder.assetcatalog; path = Assets.xcassets; sourceTree = "<group>"; };
		86B6540A1D26C5CE00B66803 /* Base */ = {isa = PBXFileReference; lastKnownFileType = file.storyboard; name = Base; path = Base.lproj/Main.storyboard; sourceTree = "<group>"; };
		86B6540C1D26C5CE00B66803 /* Info.plist */ = {isa = PBXFileReference; lastKnownFileType = text.plist.xml; path = Info.plist; sourceTree = "<group>"; };
		86B654111D26C5CE00B66803 /* TyprTests.xctest */ = {isa = PBXFileReference; explicitFileType = wrapper.cfbundle; includeInIndex = 0; path = TyprTests.xctest; sourceTree = BUILT_PRODUCTS_DIR; };
		86B654151D26C5CE00B66803 /* TyprTests.swift */ = {isa = PBXFileReference; lastKnownFileType = sourcecode.swift; path = TyprTests.swift; sourceTree = "<group>"; };
		86B654171D26C5CE00B66803 /* Info.plist */ = {isa = PBXFileReference; lastKnownFileType = text.plist.xml; path = Info.plist; sourceTree = "<group>"; };
		86B6541C1D26C5CE00B66803 /* TyprUITests.xctest */ = {isa = PBXFileReference; explicitFileType = wrapper.cfbundle; includeInIndex = 0; path = TyprUITests.xctest; sourceTree = BUILT_PRODUCTS_DIR; };
		86B654201D26C5CE00B66803 /* TyprUITests.swift */ = {isa = PBXFileReference; lastKnownFileType = sourcecode.swift; path = TyprUITests.swift; sourceTree = "<group>"; };
		86B654221D26C5CE00B66803 /* Info.plist */ = {isa = PBXFileReference; lastKnownFileType = text.plist.xml; path = Info.plist; sourceTree = "<group>"; };
		86B6542E1D28182700B66803 /* KeyMonitor.swift */ = {isa = PBXFileReference; fileEncoding = 4; lastKnownFileType = sourcecode.swift; path = KeyMonitor.swift; sourceTree = "<group>"; };
		86B654311D28745500B66803 /* Core_Data.xcdatamodel */ = {isa = PBXFileReference; lastKnownFileType = wrapper.xcdatamodel; path = Core_Data.xcdatamodel; sourceTree = "<group>"; };
		86B654341D29A41A00B66803 /* WordStats.swift */ = {isa = PBXFileReference; fileEncoding = 4; lastKnownFileType = sourcecode.swift; path = WordStats.swift; sourceTree = "<group>"; };
/* End PBXFileReference section */

/* Begin PBXFrameworksBuildPhase section */
		86B653FD1D26C5CE00B66803 /* Frameworks */ = {
			isa = PBXFrameworksBuildPhase;
			buildActionMask = 2147483647;
			files = (
			);
			runOnlyForDeploymentPostprocessing = 0;
		};
		86B6540E1D26C5CE00B66803 /* Frameworks */ = {
			isa = PBXFrameworksBuildPhase;
			buildActionMask = 2147483647;
			files = (
			);
			runOnlyForDeploymentPostprocessing = 0;
		};
		86B654191D26C5CE00B66803 /* Frameworks */ = {
			isa = PBXFrameworksBuildPhase;
			buildActionMask = 2147483647;
			files = (
			);
			runOnlyForDeploymentPostprocessing = 0;
		};
/* End PBXFrameworksBuildPhase section */

/* Begin PBXGroup section */
		86B653F71D26C5CE00B66803 = {
			isa = PBXGroup;
			children = (
				86B654021D26C5CE00B66803 /* Typr */,
				86B654141D26C5CE00B66803 /* TyprTests */,
				86B6541F1D26C5CE00B66803 /* TyprUITests */,
				86B654011D26C5CE00B66803 /* Products */,
			);
			sourceTree = "<group>";
		};
		86B654011D26C5CE00B66803 /* Products */ = {
			isa = PBXGroup;
			children = (
				86B654001D26C5CE00B66803 /* Typr.app */,
				86B654111D26C5CE00B66803 /* TyprTests.xctest */,
				86B6541C1D26C5CE00B66803 /* TyprUITests.xctest */,
			);
			name = Products;
			sourceTree = "<group>";
		};
		86B654021D26C5CE00B66803 /* Typr */ = {
			isa = PBXGroup;
			children = (
				86B654341D29A41A00B66803 /* WordStats.swift */,
				86B654031D26C5CE00B66803 /* AppDelegate.swift */,
				86B654051D26C5CE00B66803 /* ViewController.swift */,
				86B654071D26C5CE00B66803 /* Assets.xcassets */,
				86B654091D26C5CE00B66803 /* Main.storyboard */,
				86B6540C1D26C5CE00B66803 /* Info.plist */,
				86B6542E1D28182700B66803 /* KeyMonitor.swift */,
				86B654301D28745500B66803 /* Core_Data.xcdatamodeld */,
			);
			path = Typr;
			sourceTree = "<group>";
		};
		86B654141D26C5CE00B66803 /* TyprTests */ = {
			isa = PBXGroup;
			children = (
				86B654151D26C5CE00B66803 /* TyprTests.swift */,
				86B654171D26C5CE00B66803 /* Info.plist */,
			);
			path = TyprTests;
			sourceTree = "<group>";
		};
		86B6541F1D26C5CE00B66803 /* TyprUITests */ = {
			isa = PBXGroup;
			children = (
				86B654201D26C5CE00B66803 /* TyprUITests.swift */,
				86B654221D26C5CE00B66803 /* Info.plist */,
			);
			path = TyprUITests;
			sourceTree = "<group>";
		};
/* End PBXGroup section */

/* Begin PBXNativeTarget section */
		86B653FF1D26C5CE00B66803 /* Typr */ = {
			isa = PBXNativeTarget;
			buildConfigurationList = 86B654251D26C5CE00B66803 /* Build configuration list for PBXNativeTarget "Typr" */;
			buildPhases = (
				86B653FC1D26C5CE00B66803 /* Sources */,
				86B653FD1D26C5CE00B66803 /* Frameworks */,
				86B653FE1D26C5CE00B66803 /* Resources */,
			);
			buildRules = (
			);
			dependencies = (
			);
			name = Typr;
			productName = Typr;
			productReference = 86B654001D26C5CE00B66803 /* Typr.app */;
			productType = "com.apple.product-type.application";
		};
		86B654101D26C5CE00B66803 /* TyprTests */ = {
			isa = PBXNativeTarget;
			buildConfigurationList = 86B654281D26C5CE00B66803 /* Build configuration list for PBXNativeTarget "TyprTests" */;
			buildPhases = (
				86B6540D1D26C5CE00B66803 /* Sources */,
				86B6540E1D26C5CE00B66803 /* Frameworks */,
				86B6540F1D26C5CE00B66803 /* Resources */,
			);
			buildRules = (
			);
			dependencies = (
				86B654131D26C5CE00B66803 /* PBXTargetDependency */,
			);
			name = TyprTests;
			productName = TyprTests;
			productReference = 86B654111D26C5CE00B66803 /* TyprTests.xctest */;
			productType = "com.apple.product-type.bundle.unit-test";
		};
		86B6541B1D26C5CE00B66803 /* TyprUITests */ = {
			isa = PBXNativeTarget;
			buildConfigurationList = 86B6542B1D26C5CE00B66803 /* Build configuration list for PBXNativeTarget "TyprUITests" */;
			buildPhases = (
				86B654181D26C5CE00B66803 /* Sources */,
				86B654191D26C5CE00B66803 /* Frameworks */,
				86B6541A1D26C5CE00B66803 /* Resources */,
			);
			buildRules = (
			);
			dependencies = (
				86B6541E1D26C5CE00B66803 /* PBXTargetDependency */,
			);
			name = TyprUITests;
			productName = TyprUITests;
			productReference = 86B6541C1D26C5CE00B66803 /* TyprUITests.xctest */;
			productType = "com.apple.product-type.bundle.ui-testing";
		};
/* End PBXNativeTarget section */

/* Begin PBXProject section */
		86B653F81D26C5CE00B66803 /* Project object */ = {
			isa = PBXProject;
			attributes = {
				LastUpgradeCheck = 0700;
				ORGANIZATIONNAME = "Christopher Dail";
				TargetAttributes = {
					86B653FF1D26C5CE00B66803 = {
						CreatedOnToolsVersion = 7.0.1;
					};
					86B654101D26C5CE00B66803 = {
						CreatedOnToolsVersion = 7.0.1;
						TestTargetID = 86B653FF1D26C5CE00B66803;
					};
					86B6541B1D26C5CE00B66803 = {
						CreatedOnToolsVersion = 7.0.1;
						TestTargetID = 86B653FF1D26C5CE00B66803;
					};
				};
			};
			buildConfigurationList = 86B653FB1D26C5CE00B66803 /* Build configuration list for PBXProject "Typr" */;
			compatibilityVersion = "Xcode 3.2";
			developmentRegion = English;
			hasScannedForEncodings = 0;
			knownRegions = (
				en,
				Base,
			);
			mainGroup = 86B653F71D26C5CE00B66803;
			productRefGroup = 86B654011D26C5CE00B66803 /* Products */;
			projectDirPath = "";
			projectRoot = "";
			targets = (
				86B653FF1D26C5CE00B66803 /* Typr */,
				86B654101D26C5CE00B66803 /* TyprTests */,
				86B6541B1D26C5CE00B66803 /* TyprUITests */,
			);
		};
/* End PBXProject section */

/* Begin PBXResourcesBuildPhase section */
		86B653FE1D26C5CE00B66803 /* Resources */ = {
			isa = PBXResourcesBuildPhase;
			buildActionMask = 2147483647;
			files = (
				86B654081D26C5CE00B66803 /* Assets.xcassets in Resources */,
				86B6540B1D26C5CE00B66803 /* Main.storyboard in Resources */,
			);
			runOnlyForDeploymentPostprocessing = 0;
		};
		86B6540F1D26C5CE00B66803 /* Resources */ = {
			isa = PBXResourcesBuildPhase;
			buildActionMask = 2147483647;
			files = (
			);
			runOnlyForDeploymentPostprocessing = 0;
		};
		86B6541A1D26C5CE00B66803 /* Resources */ = {
			isa = PBXResourcesBuildPhase;
			buildActionMask = 2147483647;
			files = (
			);
			runOnlyForDeploymentPostprocessing = 0;
		};
/* End PBXResourcesBuildPhase section */

/* Begin PBXSourcesBuildPhase section */
		86B653FC1D26C5CE00B66803 /* Sources */ = {
			isa = PBXSourcesBuildPhase;
			buildActionMask = 2147483647;
			files = (
				86B654361D29A41A00B66803 /* WordStats.swift in Sources */,
				86B654061D26C5CE00B66803 /* ViewController.swift in Sources */,
				86B654041D26C5CE00B66803 /* AppDelegate.swift in Sources */,
				86B6542F1D28182700B66803 /* KeyMonitor.swift in Sources */,
				86B654321D28745500B66803 /* Core_Data.xcdatamodeld in Sources */,
			);
			runOnlyForDeploymentPostprocessing = 0;
		};
		86B6540D1D26C5CE00B66803 /* Sources */ = {
			isa = PBXSourcesBuildPhase;
			buildActionMask = 2147483647;
			files = (
				86B654161D26C5CE00B66803 /* TyprTests.swift in Sources */,
			);
			runOnlyForDeploymentPostprocessing = 0;
		};
		86B654181D26C5CE00B66803 /* Sources */ = {
			isa = PBXSourcesBuildPhase;
			buildActionMask = 2147483647;
			files = (
				86B654211D26C5CE00B66803 /* TyprUITests.swift in Sources */,
			);
			runOnlyForDeploymentPostprocessing = 0;
		};
/* End PBXSourcesBuildPhase section */

/* Begin PBXTargetDependency section */
		86B654131D26C5CE00B66803 /* PBXTargetDependency */ = {
			isa = PBXTargetDependency;
			target = 86B653FF1D26C5CE00B66803 /* Typr */;
			targetProxy = 86B654121D26C5CE00B66803 /* PBXContainerItemProxy */;
		};
		86B6541E1D26C5CE00B66803 /* PBXTargetDependency */ = {
			isa = PBXTargetDependency;
			target = 86B653FF1D26C5CE00B66803 /* Typr */;
			targetProxy = 86B6541D1D26C5CE00B66803 /* PBXContainerItemProxy */;
		};
/* End PBXTargetDependency section */

/* Begin PBXVariantGroup section */
		86B654091D26C5CE00B66803 /* Main.storyboard */ = {
			isa = PBXVariantGroup;
			children = (
				86B6540A1D26C5CE00B66803 /* Base */,
			);
			name = Main.storyboard;
			sourceTree = "<group>";
		};
/* End PBXVariantGroup section */

/* Begin XCBuildConfiguration section */
		86B654231D26C5CE00B66803 /* Debug */ = {
			isa = XCBuildConfiguration;
			buildSettings = {
				ALWAYS_SEARCH_USER_PATHS = NO;
				CLANG_CXX_LANGUAGE_STANDARD = "gnu++0x";
				CLANG_CXX_LIBRARY = "libc++";
				CLANG_ENABLE_MODULES = YES;
				CLANG_ENABLE_OBJC_ARC = YES;
				CLANG_WARN_BOOL_CONVERSION = YES;
				CLANG_WARN_CONSTANT_CONVERSION = YES;
				CLANG_WARN_DIRECT_OBJC_ISA_USAGE = YES_ERROR;
				CLANG_WARN_EMPTY_BODY = YES;
				CLANG_WARN_ENUM_CONVERSION = YES;
				CLANG_WARN_INT_CONVERSION = YES;
				CLANG_WARN_OBJC_ROOT_CLASS = YES_ERROR;
				CLANG_WARN_UNREACHABLE_CODE = YES;
				CLANG_WARN__DUPLICATE_METHOD_MATCH = YES;
				CODE_SIGN_IDENTITY = "-";
				COPY_PHASE_STRIP = NO;
				DEBUG_INFORMATION_FORMAT = dwarf;
				ENABLE_STRICT_OBJC_MSGSEND = YES;
				ENABLE_TESTABILITY = YES;
				GCC_C_LANGUAGE_STANDARD = gnu99;
				GCC_DYNAMIC_NO_PIC = NO;
				GCC_NO_COMMON_BLOCKS = YES;
				GCC_OPTIMIZATION_LEVEL = 0;
				GCC_PREPROCESSOR_DEFINITIONS = (
					"DEBUG=1",
					"$(inherited)",
				);
				GCC_WARN_64_TO_32_BIT_CONVERSION = YES;
				GCC_WARN_ABOUT_RETURN_TYPE = YES_ERROR;
				GCC_WARN_UNDECLARED_SELECTOR = YES;
				GCC_WARN_UNINITIALIZED_AUTOS = YES_AGGRESSIVE;
				GCC_WARN_UNUSED_FUNCTION = YES;
				GCC_WARN_UNUSED_VARIABLE = YES;
				MACOSX_DEPLOYMENT_TARGET = 10.10;
				MTL_ENABLE_DEBUG_INFO = YES;
				ONLY_ACTIVE_ARCH = YES;
				SDKROOT = macosx;
				SWIFT_OPTIMIZATION_LEVEL = "-Onone";
			};
			name = Debug;
		};
		86B654241D26C5CE00B66803 /* Release */ = {
			isa = XCBuildConfiguration;
			buildSettings = {
				ALWAYS_SEARCH_USER_PATHS = NO;
				CLANG_CXX_LANGUAGE_STANDARD = "gnu++0x";
				CLANG_CXX_LIBRARY = "libc++";
				CLANG_ENABLE_MODULES = YES;
				CLANG_ENABLE_OBJC_ARC = YES;
				CLANG_WARN_BOOL_CONVERSION = YES;
				CLANG_WARN_CONSTANT_CONVERSION = YES;
				CLANG_WARN_DIRECT_OBJC_ISA_USAGE = YES_ERROR;
				CLANG_WARN_EMPTY_BODY = YES;
				CLANG_WARN_ENUM_CONVERSION = YES;
				CLANG_WARN_INT_CONVERSION = YES;
				CLANG_WARN_OBJC_ROOT_CLASS = YES_ERROR;
				CLANG_WARN_UNREACHABLE_CODE = YES;
				CLANG_WARN__DUPLICATE_METHOD_MATCH = YES;
				CODE_SIGN_IDENTITY = "-";
				COPY_PHASE_STRIP = NO;
				DEBUG_INFORMATION_FORMAT = "dwarf-with-dsym";
				ENABLE_NS_ASSERTIONS = NO;
				ENABLE_STRICT_OBJC_MSGSEND = YES;
				GCC_C_LANGUAGE_STANDARD = gnu99;
				GCC_NO_COMMON_BLOCKS = YES;
				GCC_WARN_64_TO_32_BIT_CONVERSION = YES;
				GCC_WARN_ABOUT_RETURN_TYPE = YES_ERROR;
				GCC_WARN_UNDECLARED_SELECTOR = YES;
				GCC_WARN_UNINITIALIZED_AUTOS = YES_AGGRESSIVE;
				GCC_WARN_UNUSED_FUNCTION = YES;
				GCC_WARN_UNUSED_VARIABLE = YES;
				MACOSX_DEPLOYMENT_TARGET = 10.10;
				MTL_ENABLE_DEBUG_INFO = NO;
				SDKROOT = macosx;
			};
			name = Release;
		};
		86B654261D26C5CE00B66803 /* Debug */ = {
			isa = XCBuildConfiguration;
			buildSettings = {
				ASSETCATALOG_COMPILER_APPICON_NAME = AppIcon;
				COMBINE_HIDPI_IMAGES = YES;
				INFOPLIST_FILE = Typr/Info.plist;
				LD_RUNPATH_SEARCH_PATHS = "$(inherited) @executable_path/../Frameworks";
				PRODUCT_BUNDLE_IDENTIFIER = com.chrisdail.Typr;
				PRODUCT_NAME = "$(TARGET_NAME)";
			};
			name = Debug;
		};
		86B654271D26C5CE00B66803 /* Release */ = {
			isa = XCBuildConfiguration;
			buildSettings = {
				ASSETCATALOG_COMPILER_APPICON_NAME = AppIcon;
				COMBINE_HIDPI_IMAGES = YES;
				INFOPLIST_FILE = Typr/Info.plist;
				LD_RUNPATH_SEARCH_PATHS = "$(inherited) @executable_path/../Frameworks";
				PRODUCT_BUNDLE_IDENTIFIER = com.chrisdail.Typr;
				PRODUCT_NAME = "$(TARGET_NAME)";
			};
			name = Release;
		};
		86B654291D26C5CE00B66803 /* Debug */ = {
			isa = XCBuildConfiguration;
			buildSettings = {
				BUNDLE_LOADER = "$(TEST_HOST)";
				COMBINE_HIDPI_IMAGES = YES;
				INFOPLIST_FILE = TyprTests/Info.plist;
				LD_RUNPATH_SEARCH_PATHS = "$(inherited) @executable_path/../Frameworks @loader_path/../Frameworks";
				PRODUCT_BUNDLE_IDENTIFIER = com.chrisdail.TyprTests;
				PRODUCT_NAME = "$(TARGET_NAME)";
				TEST_HOST = "$(BUILT_PRODUCTS_DIR)/Typr.app/Contents/MacOS/Typr";
			};
			name = Debug;
		};
		86B6542A1D26C5CE00B66803 /* Release */ = {
			isa = XCBuildConfiguration;
			buildSettings = {
				BUNDLE_LOADER = "$(TEST_HOST)";
				COMBINE_HIDPI_IMAGES = YES;
				INFOPLIST_FILE = TyprTests/Info.plist;
				LD_RUNPATH_SEARCH_PATHS = "$(inherited) @executable_path/../Frameworks @loader_path/../Frameworks";
				PRODUCT_BUNDLE_IDENTIFIER = com.chrisdail.TyprTests;
				PRODUCT_NAME = "$(TARGET_NAME)";
				TEST_HOST = "$(BUILT_PRODUCTS_DIR)/Typr.app/Contents/MacOS/Typr";
			};
			name = Release;
		};
		86B6542C1D26C5CE00B66803 /* Debug */ = {
			isa = XCBuildConfiguration;
			buildSettings = {
				COMBINE_HIDPI_IMAGES = YES;
				INFOPLIST_FILE = TyprUITests/Info.plist;
				LD_RUNPATH_SEARCH_PATHS = "$(inherited) @executable_path/../Frameworks @loader_path/../Frameworks";
				PRODUCT_BUNDLE_IDENTIFIER = com.chrisdail.TyprUITests;
				PRODUCT_NAME = "$(TARGET_NAME)";
				TEST_TARGET_NAME = Typr;
				USES_XCTRUNNER = YES;
			};
			name = Debug;
		};
		86B6542D1D26C5CE00B66803 /* Release */ = {
			isa = XCBuildConfiguration;
			buildSettings = {
				COMBINE_HIDPI_IMAGES = YES;
				INFOPLIST_FILE = TyprUITests/Info.plist;
				LD_RUNPATH_SEARCH_PATHS = "$(inherited) @executable_path/../Frameworks @loader_path/../Frameworks";
				PRODUCT_BUNDLE_IDENTIFIER = com.chrisdail.TyprUITests;
				PRODUCT_NAME = "$(TARGET_NAME)";
				TEST_TARGET_NAME = Typr;
				USES_XCTRUNNER = YES;
			};
			name = Release;
		};
/* End XCBuildConfiguration section */

/* Begin XCConfigurationList section */
		86B653FB1D26C5CE00B66803 /* Build configuration list for PBXProject "Typr" */ = {
			isa = XCConfigurationList;
			buildConfigurations = (
				86B654231D26C5CE00B66803 /* Debug */,
				86B654241D26C5CE00B66803 /* Release */,
			);
			defaultConfigurationIsVisible = 0;
			defaultConfigurationName = Release;
		};
		86B654251D26C5CE00B66803 /* Build configuration list for PBXNativeTarget "Typr" */ = {
			isa = XCConfigurationList;
			buildConfigurations = (
				86B654261D26C5CE00B66803 /* Debug */,
				86B654271D26C5CE00B66803 /* Release */,
			);
			defaultConfigurationIsVisible = 0;
			defaultConfigurationName = Release;
		};
		86B654281D26C5CE00B66803 /* Build configuration list for PBXNativeTarget "TyprTests" */ = {
			isa = XCConfigurationList;
			buildConfigurations = (
				86B654291D26C5CE00B66803 /* Debug */,
				86B6542A1D26C5CE00B66803 /* Release */,
			);
			defaultConfigurationIsVisible = 0;
			defaultConfigurationName = Release;
		};
		86B6542B1D26C5CE00B66803 /* Build configuration list for PBXNativeTarget "TyprUITests" */ = {
			isa = XCConfigurationList;
			buildConfigurations = (
				86B6542C1D26C5CE00B66803 /* Debug */,
				86B6542D1D26C5CE00B66803 /* Release */,
			);
			defaultConfigurationIsVisible = 0;
			defaultConfigurationName = Release;
		};
/* End XCConfigurationList section */

/* Begin XCVersionGroup section */
		86B654301D28745500B66803 /* Core_Data.xcdatamodeld */ = {
			isa = XCVersionGroup;
			children = (
				86B654311D28745500B66803 /* Core_Data.xcdatamodel */,
			);
			currentVersion = 86B654311D28745500B66803 /* Core_Data.xcdatamodel */;
			path = Core_Data.xcdatamodeld;
			sourceTree = "<group>";
			versionGroupType = wrapper.xcdatamodel;
		};
/* End XCVersionGroup section */
	};
	rootObject = 86B653F81D26C5CE00B66803 /* Project object */;
}
